{
    "name": "webtrees-fan-chart",
    "version": "2.0.0",
    "lockfileVersion": 1,
    "requires": true,
    "dependencies": {
        "@types/estree": {
            "version": "0.0.39",
            "resolved": "https://registry.npmjs.org/@types/estree/-/estree-0.0.39.tgz",
            "integrity": "sha512-EYNwp3bU+98cpU4lAWYYL7Zz+2gryWH1qbdDTidVd6hkiR6weksdbMadyXKXNPEkQFhXM+hVO9ZygomHXp+AIw==",
            "dev": true
        },
        "@types/node": {
            "version": "10.12.10",
            "resolved": "https://registry.npmjs.org/@types/node/-/node-10.12.10.tgz",
            "integrity": "sha512-8xZEYckCbUVgK8Eg7lf5Iy4COKJ5uXlnIOnePN0WUwSQggy9tolM+tDJf7wMOnT/JT/W9xDYIaYggt3mRV2O5w==",
            "dev": true
        },
        "builtin-modules": {
            "version": "2.0.0",
            "resolved": "https://registry.npmjs.org/builtin-modules/-/builtin-modules-2.0.0.tgz",
            "integrity": "sha512-3U5kUA5VPsRUA3nofm/BXX7GVHKfxz0hOBAPxXrIvHzlDRkQVqEn6yi8QJegxl4LzOHLdvb7XF5dVawa/VVYBg==",
            "dev": true
        },
        "commander": {
            "version": "2.18.0",
            "resolved": "https://registry.npmjs.org/commander/-/commander-2.18.0.tgz",
            "integrity": "sha512-6CYPa+JP2ftfRU2qkDK+UTVeQYosOg/2GbcjIcKPHfinyOLPVGXu/ovN86RP49Re5ndJK1N0kuiidFFuepc4ZQ==",
            "dev": true
        },
        "d3-array": {
            "version": "1.2.4",
            "resolved": "https://registry.npmjs.org/d3-array/-/d3-array-1.2.4.tgz",
            "integrity": "sha512-KHW6M86R+FUPYGb3R5XiYjXPq7VzwxZ22buHhAEVG5ztoEcZZMLov530mmccaqA1GghZArjQV46fuc8kUqhhHw==",
            "dev": true
        },
        "d3-collection": {
            "version": "1.0.7",
            "resolved": "https://registry.npmjs.org/d3-collection/-/d3-collection-1.0.7.tgz",
            "integrity": "sha512-ii0/r5f4sjKNTfh84Di+DpztYwqKhEyUlKoPrzUFfeSkWxjW49xU2QzO9qrPrNkpdI0XJkfzvmTu8V2Zylln6A==",
            "dev": true
        },
        "d3-color": {
            "version": "1.2.3",
            "resolved": "https://registry.npmjs.org/d3-color/-/d3-color-1.2.3.tgz",
            "integrity": "sha512-x37qq3ChOTLd26hnps36lexMRhNXEtVxZ4B25rL0DVdDsGQIJGB18S7y9XDwlDD6MD/ZBzITCf4JjGMM10TZkw==",
            "dev": true
        },
        "d3-dispatch": {
            "version": "1.0.6",
            "resolved": "https://registry.npmjs.org/d3-dispatch/-/d3-dispatch-1.0.6.tgz",
            "integrity": "sha512-fVjoElzjhCEy+Hbn8KygnmMS7Or0a9sI2UzGwoB7cCtvI1XpVN9GpoYlnb3xt2YV66oXYb1fLJ8GMvP4hdU1RA==",
            "dev": true
        },
        "d3-drag": {
            "version": "1.2.5",
            "resolved": "https://registry.npmjs.org/d3-drag/-/d3-drag-1.2.5.tgz",
            "integrity": "sha512-rD1ohlkKQwMZYkQlYVCrSFxsWPzI97+W+PaEIBNTMxRuxz9RF0Hi5nJWHGVJ3Om9d2fRTe1yOBINJyy/ahV95w==",
            "dev": true,
            "requires": {
                "d3-dispatch": "1",
                "d3-selection": "1"
            }
        },
        "d3-dsv": {
            "version": "1.0.10",
            "resolved": "https://registry.npmjs.org/d3-dsv/-/d3-dsv-1.0.10.tgz",
            "integrity": "sha512-vqklfpxmtO2ZER3fq/B33R/BIz3A1PV0FaZRuFM8w6jLo7sUX1BZDh73fPlr0s327rzq4H6EN1q9U+eCBCSN8g==",
            "dev": true,
            "requires": {
                "commander": "2",
                "iconv-lite": "0.4",
                "rw": "1"
            }
        },
        "d3-ease": {
            "version": "1.0.6",
            "resolved": "https://registry.npmjs.org/d3-ease/-/d3-ease-1.0.6.tgz",
            "integrity": "sha512-SZ/lVU7LRXafqp7XtIcBdxnWl8yyLpgOmzAk0mWBI9gXNzLDx5ybZgnRbH9dN/yY5tzVBqCQ9avltSnqVwessQ==",
            "dev": true
        },
        "d3-fetch": {
            "version": "1.1.2",
            "resolved": "https://registry.npmjs.org/d3-fetch/-/d3-fetch-1.1.2.tgz",
            "integrity": "sha512-S2loaQCV/ZeyTyIF2oP8D1K9Z4QizUzW7cWeAOAS4U88qOt3Ucf6GsmgthuYSdyB2HyEm4CeGvkQxWsmInsIVA==",
            "dev": true,
            "requires": {
                "d3-dsv": "1"
            }
        },
        "d3-format": {
            "version": "1.3.2",
            "resolved": "https://registry.npmjs.org/d3-format/-/d3-format-1.3.2.tgz",
            "integrity": "sha512-Z18Dprj96ExragQ0DeGi+SYPQ7pPfRMtUXtsg/ChVIKNBCzjO8XYJvRTC1usblx52lqge56V5ect+frYTQc8WQ==",
            "dev": true
        },
        "d3-hierarchy": {
            "version": "1.1.9",
            "resolved": "https://registry.npmjs.org/d3-hierarchy/-/d3-hierarchy-1.1.9.tgz",
            "integrity": "sha512-j8tPxlqh1srJHAtxfvOUwKNYJkQuBFdM1+JAUfq6xqH5eAqf93L7oG1NVqDa4CpFZNvnNKtCYEUC8KY9yEn9lQ==",
            "dev": true
        },
        "d3-interpolate": {
            "version": "1.3.2",
            "resolved": "https://registry.npmjs.org/d3-interpolate/-/d3-interpolate-1.3.2.tgz",
            "integrity": "sha512-NlNKGopqaz9qM1PXh9gBF1KSCVh+jSFErrSlD/4hybwoNX/gt1d8CDbDW+3i+5UOHhjC6s6nMvRxcuoMVNgL2w==",
            "dev": true,
            "requires": {
                "d3-color": "1"
            }
        },
        "d3-path": {
            "version": "1.0.9",
            "resolved": "https://registry.npmjs.org/d3-path/-/d3-path-1.0.9.tgz",
            "integrity": "sha512-VLaYcn81dtHVTjEHd8B+pbe9yHWpXKZUC87PzoFmsFrJqgFwDe/qxfp5MlfsfM1V5E/iVt0MmEbWQ7FVIXh/bg==",
            "dev": true
        },
        "d3-scale": {
            "version": "2.2.2",
            "resolved": "https://registry.npmjs.org/d3-scale/-/d3-scale-2.2.2.tgz",
            "integrity": "sha512-LbeEvGgIb8UMcAa0EATLNX0lelKWGYDQiPdHj+gLblGVhGLyNbaCn3EvrJf0A3Y/uOOU5aD6MTh5ZFCdEwGiCw==",
            "dev": true,
            "requires": {
                "d3-array": "^1.2.0",
                "d3-collection": "1",
                "d3-format": "1",
                "d3-interpolate": "1",
                "d3-time": "1",
                "d3-time-format": "2"
            }
        },
        "d3-selection": {
            "version": "1.4.1",
            "resolved": "https://registry.npmjs.org/d3-selection/-/d3-selection-1.4.1.tgz",
            "integrity": "sha512-BTIbRjv/m5rcVTfBs4AMBLKs4x8XaaLkwm28KWu9S2vKNqXkXt2AH2Qf0sdPZHjFxcWg/YL53zcqAz+3g4/7PA==",
            "dev": true
        },
        "d3-shape": {
            "version": "1.3.7",
            "resolved": "https://registry.npmjs.org/d3-shape/-/d3-shape-1.3.7.tgz",
            "integrity": "sha512-EUkvKjqPFUAZyOlhY5gzCxCeI0Aep04LwIRpsZ/mLFelJiUfnK56jo5JMDSE7yyP2kLSb6LtF+S5chMk7uqPqw==",
            "dev": true,
            "requires": {
                "d3-path": "1"
            }
        },
        "d3-time": {
            "version": "1.0.11",
            "resolved": "https://registry.npmjs.org/d3-time/-/d3-time-1.0.11.tgz",
            "integrity": "sha512-Z3wpvhPLW4vEScGeIMUckDW7+3hWKOQfAWg/U7PlWBnQmeKQ00gCUsTtWSYulrKNA7ta8hJ+xXc6MHrMuITwEw==",
            "dev": true
        },
        "d3-time-format": {
            "version": "2.1.3",
            "resolved": "https://registry.npmjs.org/d3-time-format/-/d3-time-format-2.1.3.tgz",
            "integrity": "sha512-6k0a2rZryzGm5Ihx+aFMuO1GgelgIz+7HhB4PH4OEndD5q2zGn1mDfRdNrulspOfR6JXkb2sThhDK41CSK85QA==",
            "dev": true,
            "requires": {
                "d3-time": "1"
            }
        },
        "d3-timer": {
            "version": "1.0.10",
            "resolved": "https://registry.npmjs.org/d3-timer/-/d3-timer-1.0.10.tgz",
            "integrity": "sha512-B1JDm0XDaQC+uvo4DT79H0XmBskgS3l6Ve+1SBCfxgmtIb1AVrPIoqd+nPSv+loMX8szQ0sVUhGngL7D5QPiXw==",
            "dev": true
        },
        "d3-transition": {
            "version": "1.3.2",
            "resolved": "https://registry.npmjs.org/d3-transition/-/d3-transition-1.3.2.tgz",
            "integrity": "sha512-sc0gRU4PFqZ47lPVHloMn9tlPcv8jxgOQg+0zjhfZXMQuvppjG6YuwdMBE0TuqCZjeJkLecku/l9R0JPcRhaDA==",
            "dev": true,
            "requires": {
                "d3-color": "1",
                "d3-dispatch": "1",
                "d3-ease": "1",
                "d3-interpolate": "1",
                "d3-selection": "^1.1.0",
                "d3-timer": "1"
            }
        },
        "d3-zoom": {
            "version": "1.8.3",
            "resolved": "https://registry.npmjs.org/d3-zoom/-/d3-zoom-1.8.3.tgz",
            "integrity": "sha512-VoLXTK4wvy1a0JpH2Il+F2CiOhVu7VRXWF5M/LroMIh3/zBAC3WAt7QoIvPibOavVo20hN6/37vwAsdBejLyKQ==",
            "dev": true,
            "requires": {
                "d3-dispatch": "1",
                "d3-drag": "1",
                "d3-interpolate": "1",
                "d3-selection": "1",
                "d3-transition": "1"
            }
        },
        "iconv-lite": {
            "version": "0.4.24",
            "resolved": "https://registry.npmjs.org/iconv-lite/-/iconv-lite-0.4.24.tgz",
            "integrity": "sha512-v3MXnZAcvnywkTUEZomIActle7RXXeedOR31wwl7VlyoXO4Qi9arvSenNQWne1TcRwhCL1HwLI21bEqdpj8/rA==",
            "dev": true,
            "requires": {
                "safer-buffer": ">= 2.1.2 < 3"
            }
        },
        "is-module": {
            "version": "1.0.0",
            "resolved": "https://registry.npmjs.org/is-module/-/is-module-1.0.0.tgz",
            "integrity": "sha1-Mlj7afeMFNW4FdZkM2tM/7ZEFZE=",
            "dev": true
        },
        "path-parse": {
            "version": "1.0.6",
            "resolved": "https://registry.npmjs.org/path-parse/-/path-parse-1.0.6.tgz",
            "integrity": "sha512-GSmOT2EbHrINBf9SR7CDELwlJ8AENk3Qn7OikK4nFYAu3Ote2+JYNVvkpAEQm3/TLNEJFD/xZJjzyxg3KBWOzw==",
            "dev": true
        },
        "resolve": {
            "version": "1.8.1",
            "resolved": "https://registry.npmjs.org/resolve/-/resolve-1.8.1.tgz",
            "integrity": "sha512-AicPrAC7Qu1JxPCZ9ZgCZlY35QgFnNqc+0LtbRNxnVw4TXvjQ72wnuL9JQcEBgXkI9JM8MsT9kaQoHcpCRJOYA==",
            "dev": true,
            "requires": {
                "path-parse": "^1.0.5"
            }
        },
        "rollup": {
            "version": "0.66.6",
            "resolved": "https://registry.npmjs.org/rollup/-/rollup-0.66.6.tgz",
            "integrity": "sha512-J7/SWanrcb83vfIHqa8+aVVGzy457GcjA6GVZEnD0x2u4OnOd0Q1pCrEoNe8yLwM6z6LZP02zBT2uW0yh5TqOw==",
            "dev": true,
            "requires": {
                "@types/estree": "0.0.39",
                "@types/node": "*"
            }
        },
        "rollup-plugin-node-resolve": {
            "version": "3.4.0",
            "resolved": "https://registry.npmjs.org/rollup-plugin-node-resolve/-/rollup-plugin-node-resolve-3.4.0.tgz",
            "integrity": "sha512-PJcd85dxfSBWih84ozRtBkB731OjXk0KnzN0oGp7WOWcarAFkVa71cV5hTJg2qpVsV2U8EUwrzHP3tvy9vS3qg==",
            "dev": true,
            "requires": {
                "builtin-modules": "^2.0.0",
                "is-module": "^1.0.0",
                "resolve": "^1.1.6"
            }
        },
        "rw": {
            "version": "1.3.3",
            "resolved": "https://registry.npmjs.org/rw/-/rw-1.3.3.tgz",
            "integrity": "sha1-P4Yt+pGrdmsUiF700BEkv9oHT7Q=",
            "dev": true
        },
        "safer-buffer": {
            "version": "2.1.2",
            "resolved": "https://registry.npmjs.org/safer-buffer/-/safer-buffer-2.1.2.tgz",
            "integrity": "sha512-YZo3K82SD7Riyi0E1EQPojLz7kpepnSQI9IyPbHHg1XXXevb5dJI7tpyN2ADxGcQbHG7vcyRHk0cbwqcQriUtg==",
            "dev": true
        },
        "source-map": {
            "version": "0.6.1",
            "resolved": "https://registry.npmjs.org/source-map/-/source-map-0.6.1.tgz",
            "integrity": "sha512-UjgapumWlbMhkBgzT7Ykc5YXUT46F0iKu8SGXq0bcwP5dz/h0Plj6enJqjz1Zbq2l5WaqYnrVbwWOWMyF3F47g==",
            "dev": true
        },
        "uglify-es": {
            "version": "3.3.9",
            "resolved": "https://registry.npmjs.org/uglify-es/-/uglify-es-3.3.9.tgz",
            "integrity": "sha512-r+MU0rfv4L/0eeW3xZrd16t4NZfK8Ld4SWVglYBb7ez5uXFWHuVRs6xCTrf1yirs9a4j4Y27nn7SRfO6v67XsQ==",
            "dev": true,
            "requires": {
                "commander": "~2.13.0",
                "source-map": "~0.6.1"
            },
            "dependencies": {
                "commander": {
                    "version": "2.13.0",
                    "resolved": "https://registry.npmjs.org/commander/-/commander-2.13.0.tgz",
                    "integrity": "sha512-MVuS359B+YzaWqjCL/c+22gfryv+mCBPHAv3zyVI2GN8EY6IRP8VwtasXn8jyyhvvq84R4ImN1OKRtcbIasjYA==",
                    "dev": true
                }
            }
        }
    }
}
