{
	"name": "ancestral-fan-chart",
	"version": "1.0.0",
	"lockfileVersion": 1,
	"requires": true,
	"dependencies": {
		"@types/estree": {
			"version": "0.0.39",
			"resolved": "https://registry.npmjs.org/@types/estree/-/estree-0.0.39.tgz",
			"integrity": "sha512-EYNwp3bU+98cpU4lAWYYL7Zz+2gryWH1qbdDTidVd6hkiR6weksdbMadyXKXNPEkQFhXM+hVO9ZygomHXp+AIw==",
			"dev": true
		},
		"@types/node": {
			"version": "10.9.4",
			"resolved": "https://registry.npmjs.org/@types/node/-/node-10.9.4.tgz",
			"integrity": "sha512-fCHV45gS+m3hH17zgkgADUSi2RR1Vht6wOZ0jyHP8rjiQra9f+mIcgwPQHllmDocYOstIEbKlxbFDYlgrTPYqw==",
			"dev": true
		},
		"builtin-modules": {
			"version": "2.0.0",
			"resolved": "https://registry.npmjs.org/builtin-modules/-/builtin-modules-2.0.0.tgz",
			"integrity": "sha512-3U5kUA5VPsRUA3nofm/BXX7GVHKfxz0hOBAPxXrIvHzlDRkQVqEn6yi8QJegxl4LzOHLdvb7XF5dVawa/VVYBg==",
			"dev": true
		},
		"commander": {
			"version": "2.18.0",
			"resolved": "https://registry.npmjs.org/commander/-/commander-2.18.0.tgz",
			"integrity": "sha512-6CYPa+JP2ftfRU2qkDK+UTVeQYosOg/2GbcjIcKPHfinyOLPVGXu/ovN86RP49Re5ndJK1N0kuiidFFuepc4ZQ==",
			"dev": true
		},
		"d3-array": {
			"version": "1.2.4",
			"resolved": "https://registry.npmjs.org/d3-array/-/d3-array-1.2.4.tgz",
			"integrity": "sha512-KHW6M86R+FUPYGb3R5XiYjXPq7VzwxZ22buHhAEVG5ztoEcZZMLov530mmccaqA1GghZArjQV46fuc8kUqhhHw==",
			"dev": true
		},
		"d3-collection": {
			"version": "1.0.7",
			"resolved": "https://registry.npmjs.org/d3-collection/-/d3-collection-1.0.7.tgz",
			"integrity": "sha512-ii0/r5f4sjKNTfh84Di+DpztYwqKhEyUlKoPrzUFfeSkWxjW49xU2QzO9qrPrNkpdI0XJkfzvmTu8V2Zylln6A==",
			"dev": true
		},
		"d3-color": {
			"version": "1.2.3",
			"resolved": "https://registry.npmjs.org/d3-color/-/d3-color-1.2.3.tgz",
			"integrity": "sha512-x37qq3ChOTLd26hnps36lexMRhNXEtVxZ4B25rL0DVdDsGQIJGB18S7y9XDwlDD6MD/ZBzITCf4JjGMM10TZkw==",
			"dev": true
		},
		"d3-dispatch": {
			"version": "1.0.5",
			"resolved": "https://registry.npmjs.org/d3-dispatch/-/d3-dispatch-1.0.5.tgz",
			"integrity": "sha512-vwKx+lAqB1UuCeklr6Jh1bvC4SZgbSqbkGBLClItFBIYH4vqDJCA7qfoy14lXmJdnBOdxndAMxjCbImJYW7e6g==",
			"dev": true
		},
		"d3-drag": {
			"version": "1.2.3",
			"resolved": "https://registry.npmjs.org/d3-drag/-/d3-drag-1.2.3.tgz",
			"integrity": "sha512-8S3HWCAg+ilzjJsNtWW1Mutl74Nmzhb9yU6igspilaJzeZVFktmY6oO9xOh5TDk+BM2KrNFjttZNoJJmDnkjkg==",
			"dev": true,
			"requires": {
				"d3-dispatch": "1",
				"d3-selection": "1"
			}
		},
		"d3-dsv": {
			"version": "1.0.10",
			"resolved": "https://registry.npmjs.org/d3-dsv/-/d3-dsv-1.0.10.tgz",
			"integrity": "sha512-vqklfpxmtO2ZER3fq/B33R/BIz3A1PV0FaZRuFM8w6jLo7sUX1BZDh73fPlr0s327rzq4H6EN1q9U+eCBCSN8g==",
			"dev": true,
			"requires": {
				"commander": "2",
				"iconv-lite": "0.4",
				"rw": "1"
			}
		},
		"d3-ease": {
			"version": "1.0.5",
			"resolved": "https://registry.npmjs.org/d3-ease/-/d3-ease-1.0.5.tgz",
			"integrity": "sha512-Ct1O//ly5y5lFM9YTdu+ygq7LleSgSE4oj7vUt9tPLHUi8VCV7QoizGpdWRWAwCO9LdYzIrQDg97+hGVdsSGPQ==",
			"dev": true
		},
		"d3-fetch": {
			"version": "1.1.2",
			"resolved": "https://registry.npmjs.org/d3-fetch/-/d3-fetch-1.1.2.tgz",
			"integrity": "sha512-S2loaQCV/ZeyTyIF2oP8D1K9Z4QizUzW7cWeAOAS4U88qOt3Ucf6GsmgthuYSdyB2HyEm4CeGvkQxWsmInsIVA==",
			"dev": true,
			"requires": {
				"d3-dsv": "1"
			}
		},
		"d3-format": {
			"version": "1.3.2",
			"resolved": "https://registry.npmjs.org/d3-format/-/d3-format-1.3.2.tgz",
			"integrity": "sha512-Z18Dprj96ExragQ0DeGi+SYPQ7pPfRMtUXtsg/ChVIKNBCzjO8XYJvRTC1usblx52lqge56V5ect+frYTQc8WQ==",
			"dev": true
		},
		"d3-hierarchy": {
			"version": "1.1.8",
			"resolved": "https://registry.npmjs.org/d3-hierarchy/-/d3-hierarchy-1.1.8.tgz",
			"integrity": "sha512-L+GHMSZNwTpiq4rt9GEsNcpLa4M96lXMR8M/nMG9p5hBE0jy6C+3hWtyZMenPQdwla249iJy7Nx0uKt3n+u9+w==",
			"dev": true
		},
		"d3-interpolate": {
			"version": "1.3.2",
			"resolved": "https://registry.npmjs.org/d3-interpolate/-/d3-interpolate-1.3.2.tgz",
			"integrity": "sha512-NlNKGopqaz9qM1PXh9gBF1KSCVh+jSFErrSlD/4hybwoNX/gt1d8CDbDW+3i+5UOHhjC6s6nMvRxcuoMVNgL2w==",
			"dev": true,
			"requires": {
				"d3-color": "1"
			}
		},
		"d3-path": {
			"version": "1.0.7",
			"resolved": "https://registry.npmjs.org/d3-path/-/d3-path-1.0.7.tgz",
			"integrity": "sha512-q0cW1RpvA5c5ma2rch62mX8AYaiLX0+bdaSM2wxSU9tXjU4DNvkx9qiUvjkuWCj3p22UO/hlPivujqMiR9PDzA==",
			"dev": true
		},
		"d3-scale": {
			"version": "2.1.2",
			"resolved": "https://registry.npmjs.org/d3-scale/-/d3-scale-2.1.2.tgz",
			"integrity": "sha512-bESpd64ylaKzCDzvULcmHKZTlzA/6DGSVwx7QSDj/EnX9cpSevsdiwdHFYI9ouo9tNBbV3v5xztHS2uFeOzh8Q==",
			"dev": true,
			"requires": {
				"d3-array": "^1.2.0",
				"d3-collection": "1",
				"d3-format": "1",
				"d3-interpolate": "1",
				"d3-time": "1",
				"d3-time-format": "2"
			}
		},
		"d3-selection": {
			"version": "1.3.2",
			"resolved": "https://registry.npmjs.org/d3-selection/-/d3-selection-1.3.2.tgz",
			"integrity": "sha512-OoXdv1nZ7h2aKMVg3kaUFbLLK5jXUFAMLD/Tu5JA96mjf8f2a9ZUESGY+C36t8R1WFeWk/e55hy54Ml2I62CRQ==",
			"dev": true
		},
		"d3-shape": {
			"version": "1.2.2",
			"resolved": "https://registry.npmjs.org/d3-shape/-/d3-shape-1.2.2.tgz",
			"integrity": "sha512-hUGEozlKecFZ2bOSNt7ENex+4Tk9uc/m0TtTEHBvitCBxUNjhzm5hS2GrrVRD/ae4IylSmxGeqX5tWC2rASMlQ==",
			"dev": true,
			"requires": {
				"d3-path": "1"
			}
		},
		"d3-time": {
			"version": "1.0.10",
			"resolved": "https://registry.npmjs.org/d3-time/-/d3-time-1.0.10.tgz",
			"integrity": "sha512-hF+NTLCaJHF/JqHN5hE8HVGAXPStEq6/omumPE/SxyHVrR7/qQxusFDo0t0c/44+sCGHthC7yNGFZIEgju0P8g==",
			"dev": true
		},
		"d3-time-format": {
			"version": "2.1.3",
			"resolved": "https://registry.npmjs.org/d3-time-format/-/d3-time-format-2.1.3.tgz",
			"integrity": "sha512-6k0a2rZryzGm5Ihx+aFMuO1GgelgIz+7HhB4PH4OEndD5q2zGn1mDfRdNrulspOfR6JXkb2sThhDK41CSK85QA==",
			"dev": true,
			"requires": {
				"d3-time": "1"
			}
		},
		"d3-timer": {
			"version": "1.0.9",
			"resolved": "https://registry.npmjs.org/d3-timer/-/d3-timer-1.0.9.tgz",
			"integrity": "sha512-rT34J5HnQUHhcLvhSB9GjCkN0Ddd5Y8nCwDBG2u6wQEeYxT/Lf51fTFFkldeib/sE/J0clIe0pnCfs6g/lRbyg==",
			"dev": true
		},
		"d3-transition": {
			"version": "1.1.3",
			"resolved": "https://registry.npmjs.org/d3-transition/-/d3-transition-1.1.3.tgz",
			"integrity": "sha512-tEvo3qOXL6pZ1EzcXxFcPNxC/Ygivu5NoBY6mbzidATAeML86da+JfVIUzon3dNM6UX6zjDx+xbYDmMVtTSjuA==",
			"dev": true,
			"requires": {
				"d3-color": "1",
				"d3-dispatch": "1",
				"d3-ease": "1",
				"d3-interpolate": "1",
				"d3-selection": "^1.1.0",
				"d3-timer": "1"
			}
		},
		"d3-zoom": {
			"version": "1.7.3",
			"resolved": "https://registry.npmjs.org/d3-zoom/-/d3-zoom-1.7.3.tgz",
			"integrity": "sha512-xEBSwFx5Z9T3/VrwDkMt+mr0HCzv7XjpGURJ8lWmIC8wxe32L39eWHIasEe/e7Ox8MPU4p1hvH8PKN2olLzIBg==",
			"dev": true,
			"requires": {
				"d3-dispatch": "1",
				"d3-drag": "1",
				"d3-interpolate": "1",
				"d3-selection": "1",
				"d3-transition": "1"
			}
		},
		"iconv-lite": {
			"version": "0.4.24",
			"resolved": "https://registry.npmjs.org/iconv-lite/-/iconv-lite-0.4.24.tgz",
			"integrity": "sha512-v3MXnZAcvnywkTUEZomIActle7RXXeedOR31wwl7VlyoXO4Qi9arvSenNQWne1TcRwhCL1HwLI21bEqdpj8/rA==",
			"dev": true,
			"requires": {
				"safer-buffer": ">= 2.1.2 < 3"
			}
		},
		"is-module": {
			"version": "1.0.0",
			"resolved": "https://registry.npmjs.org/is-module/-/is-module-1.0.0.tgz",
			"integrity": "sha1-Mlj7afeMFNW4FdZkM2tM/7ZEFZE=",
			"dev": true
		},
		"path-parse": {
			"version": "1.0.6",
			"resolved": "https://registry.npmjs.org/path-parse/-/path-parse-1.0.6.tgz",
			"integrity": "sha512-GSmOT2EbHrINBf9SR7CDELwlJ8AENk3Qn7OikK4nFYAu3Ote2+JYNVvkpAEQm3/TLNEJFD/xZJjzyxg3KBWOzw==",
			"dev": true
		},
		"resolve": {
			"version": "1.8.1",
			"resolved": "https://registry.npmjs.org/resolve/-/resolve-1.8.1.tgz",
			"integrity": "sha512-AicPrAC7Qu1JxPCZ9ZgCZlY35QgFnNqc+0LtbRNxnVw4TXvjQ72wnuL9JQcEBgXkI9JM8MsT9kaQoHcpCRJOYA==",
			"dev": true,
			"requires": {
				"path-parse": "^1.0.5"
			}
		},
		"rollup": {
			"version": "0.66.0",
			"resolved": "https://registry.npmjs.org/rollup/-/rollup-0.66.0.tgz",
			"integrity": "sha512-WOkVBSdod3phCSAri5Q579JufeAzJTi43L4oAHzFtjRWJTv2LIszYCU3K9TLMEsVksMY93EwgWCb+hpKRhQwGg==",
			"dev": true,
			"requires": {
				"@types/estree": "0.0.39",
				"@types/node": "*"
			}
		},
		"rollup-plugin-node-resolve": {
			"version": "3.4.0",
			"resolved": "https://registry.npmjs.org/rollup-plugin-node-resolve/-/rollup-plugin-node-resolve-3.4.0.tgz",
			"integrity": "sha512-PJcd85dxfSBWih84ozRtBkB731OjXk0KnzN0oGp7WOWcarAFkVa71cV5hTJg2qpVsV2U8EUwrzHP3tvy9vS3qg==",
			"dev": true,
			"requires": {
				"builtin-modules": "^2.0.0",
				"is-module": "^1.0.0",
				"resolve": "^1.1.6"
			}
		},
		"rw": {
			"version": "1.3.3",
			"resolved": "https://registry.npmjs.org/rw/-/rw-1.3.3.tgz",
			"integrity": "sha1-P4Yt+pGrdmsUiF700BEkv9oHT7Q=",
			"dev": true
		},
		"safer-buffer": {
			"version": "2.1.2",
			"resolved": "https://registry.npmjs.org/safer-buffer/-/safer-buffer-2.1.2.tgz",
			"integrity": "sha512-YZo3K82SD7Riyi0E1EQPojLz7kpepnSQI9IyPbHHg1XXXevb5dJI7tpyN2ADxGcQbHG7vcyRHk0cbwqcQriUtg==",
			"dev": true
		},
		"source-map": {
			"version": "0.6.1",
			"resolved": "https://registry.npmjs.org/source-map/-/source-map-0.6.1.tgz",
			"integrity": "sha512-UjgapumWlbMhkBgzT7Ykc5YXUT46F0iKu8SGXq0bcwP5dz/h0Plj6enJqjz1Zbq2l5WaqYnrVbwWOWMyF3F47g==",
			"dev": true
		},
		"uglify-es": {
			"version": "3.3.9",
			"resolved": "https://registry.npmjs.org/uglify-es/-/uglify-es-3.3.9.tgz",
			"integrity": "sha512-r+MU0rfv4L/0eeW3xZrd16t4NZfK8Ld4SWVglYBb7ez5uXFWHuVRs6xCTrf1yirs9a4j4Y27nn7SRfO6v67XsQ==",
			"dev": true,
			"requires": {
				"commander": "~2.13.0",
				"source-map": "~0.6.1"
			},
			"dependencies": {
				"commander": {
					"version": "2.13.0",
					"resolved": "https://registry.npmjs.org/commander/-/commander-2.13.0.tgz",
					"integrity": "sha512-MVuS359B+YzaWqjCL/c+22gfryv+mCBPHAv3zyVI2GN8EY6IRP8VwtasXn8jyyhvvq84R4ImN1OKRtcbIasjYA==",
					"dev": true
				}
			}
		}
	}
}
